
Microsoft Visual Studio Solution File, Format Version 12.00
# Visual Studio Version 17
VisualStudioVersion = 17.2.32505.173
MinimumVisualStudioVersion = 10.0.40219.1
Project("{FAE04EC0-301F-11D3-BF4B-00C04F79EFBC}") = "Collections1", "Collections1\Collections1.csproj", "{8BEF8D95-7FD8-4003-834F-5C9A7C6A26AF}"
EndProject
Global
	GlobalSection(SolutionConfigurationPlatforms) = preSolution
		Debug|Any CPU = Debug|Any CPU
		Release|Any CPU = Release|Any CPU
	EndGlobalSection
	GlobalSection(ProjectConfigurationPlatforms) = postSolution
		{8BEF8D95-7FD8-4003-834F-5C9A7C6A26AF}.Debug|Any CPU.ActiveCfg = Debug|Any CPU
		{8BEF8D95-7FD8-4003-834F-5C9A7C6A26AF}.Debug|Any CPU.Build.0 = Debug|Any CPU
		{8BEF8D95-7FD8-4003-834F-5C9A7C6A26AF}.Release|Any CPU.ActiveCfg = Release|Any CPU
		{8BEF8D95-7FD8-4003-834F-5C9A7C6A26AF}.Release|Any CPU.Build.0 = Release|Any CPU
	EndGlobalSection
	GlobalSection(SolutionProperties) = preSolution
		HideSolutionNode = FALSE
	EndGlobalSection
	GlobalSection(ExtensibilityGlobals) = postSolution
		SolutionGuid = {AFF9DC4F-1E75-46DB-95F1-6AA02A139E69}
	EndGlobalSection
EndGlobal
