
Microsoft Visual Studio Solution File, Format Version 12.00
# Visual Studio Version 17
VisualStudioVersion = 17.2.32505.173
MinimumVisualStudioVersion = 10.0.40219.1
Project("{FAE04EC0-301F-11D3-BF4B-00C04F79EFBC}") = "ListDemo2", "ListDemo2\ListDemo2.csproj", "{37547512-4BCF-4CAE-9329-BC174EC37C3A}"
EndProject
Global
	GlobalSection(SolutionConfigurationPlatforms) = preSolution
		Debug|Any CPU = Debug|Any CPU
		Release|Any CPU = Release|Any CPU
	EndGlobalSection
	GlobalSection(ProjectConfigurationPlatforms) = postSolution
		{37547512-4BCF-4CAE-9329-BC174EC37C3A}.Debug|Any CPU.ActiveCfg = Debug|Any CPU
		{37547512-4BCF-4CAE-9329-BC174EC37C3A}.Debug|Any CPU.Build.0 = Debug|Any CPU
		{37547512-4BCF-4CAE-9329-BC174EC37C3A}.Release|Any CPU.ActiveCfg = Release|Any CPU
		{37547512-4BCF-4CAE-9329-BC174EC37C3A}.Release|Any CPU.Build.0 = Release|Any CPU
	EndGlobalSection
	GlobalSection(SolutionProperties) = preSolution
		HideSolutionNode = FALSE
	EndGlobalSection
	GlobalSection(ExtensibilityGlobals) = postSolution
		SolutionGuid = {6D785395-6251-47BD-B3ED-C783C3899AE0}
	EndGlobalSection
EndGlobal
