
Microsoft Visual Studio Solution File, Format Version 12.00
# Visual Studio Version 17
VisualStudioVersion = 17.2.32505.173
MinimumVisualStudioVersion = 10.0.40219.1
Project("{FAE04EC0-301F-11D3-BF4B-00C04F79EFBC}") = "MethodsDemo1", "MethodsDemo1\MethodsDemo1.csproj", "{997764A2-D0AD-4589-A4C7-A990FF61764D}"
EndProject
Global
	GlobalSection(SolutionConfigurationPlatforms) = preSolution
		Debug|Any CPU = Debug|Any CPU
		Release|Any CPU = Release|Any CPU
	EndGlobalSection
	GlobalSection(ProjectConfigurationPlatforms) = postSolution
		{997764A2-D0AD-4589-A4C7-A990FF61764D}.Debug|Any CPU.ActiveCfg = Debug|Any CPU
		{997764A2-D0AD-4589-A4C7-A990FF61764D}.Debug|Any CPU.Build.0 = Debug|Any CPU
		{997764A2-D0AD-4589-A4C7-A990FF61764D}.Release|Any CPU.ActiveCfg = Release|Any CPU
		{997764A2-D0AD-4589-A4C7-A990FF61764D}.Release|Any CPU.Build.0 = Release|Any CPU
	EndGlobalSection
	GlobalSection(SolutionProperties) = preSolution
		HideSolutionNode = FALSE
	EndGlobalSection
	GlobalSection(ExtensibilityGlobals) = postSolution
		SolutionGuid = {98F5817A-2BA8-46DF-B5EF-32A78C13E826}
	EndGlobalSection
EndGlobal
